
Microsoft Visual Studio Solution File, Format Version 12.00
# Visual Studio Version 17
VisualStudioVersion = 17.2.32630.192
MinimumVisualStudioVersion = 10.0.40219.1
Project("{FAE04EC0-301F-11D3-BF4B-00C04F79EFBC}") = "H1 - Robotterne Kommer", "H1 - Robotterne Kommer\H1 - Robotterne Kommer.csproj", "{6BA9C0EB-379E-49ED-85FC-29D6425B4F9D}"
EndProject
Global
	GlobalSection(SolutionConfigurationPlatforms) = preSolution
		Debug|Any CPU = Debug|Any CPU
		Release|Any CPU = Release|Any CPU
	EndGlobalSection
	GlobalSection(ProjectConfigurationPlatforms) = postSolution
		{6BA9C0EB-379E-49ED-85FC-29D6425B4F9D}.Debug|Any CPU.ActiveCfg = Debug|Any CPU
		{6BA9C0EB-379E-49ED-85FC-29D6425B4F9D}.Debug|Any CPU.Build.0 = Debug|Any CPU
		{6BA9C0EB-379E-49ED-85FC-29D6425B4F9D}.Release|Any CPU.ActiveCfg = Release|Any CPU
		{6BA9C0EB-379E-49ED-85FC-29D6425B4F9D}.Release|Any CPU.Build.0 = Release|Any CPU
	EndGlobalSection
	GlobalSection(SolutionProperties) = preSolution
		HideSolutionNode = FALSE
	EndGlobalSection
	GlobalSection(ExtensibilityGlobals) = postSolution
		SolutionGuid = {3735D562-9734-4CD9-BAB8-D77E38072E2F}
	EndGlobalSection
EndGlobal
